
Microsoft Visual Studio Solution File, Format Version 12.00
# Visual Studio 14
VisualStudioVersion = 14.0.25420.1
MinimumVisualStudioVersion = 10.0.40219.1
Project("{E24C65DC-7377-472B-9ABA-BC803B73C61A}") = "Pastas", "..\..\WebSites\Pastas\", "{ED933945-98DF-4AE6-94C4-DBFCC8607CA9}"
	ProjectSection(WebsiteProperties) = preProject
		TargetFrameworkMoniker = ".NETFramework,Version%3Dv4.5.2"
		Debug.AspNetCompiler.VirtualPath = "/localhost_59875"
		Debug.AspNetCompiler.PhysicalPath = "..\..\WebSites\Pastas\"
		Debug.AspNetCompiler.TargetPath = "PrecompiledWeb\localhost_59875\"
		Debug.AspNetCompiler.Updateable = "true"
		Debug.AspNetCompiler.ForceOverwrite = "true"
		Debug.AspNetCompiler.FixedNames = "false"
		Debug.AspNetCompiler.Debug = "True"
		Release.AspNetCompiler.VirtualPath = "/localhost_59875"
		Release.AspNetCompiler.PhysicalPath = "..\..\WebSites\Pastas\"
		Release.AspNetCompiler.TargetPath = "PrecompiledWeb\localhost_59875\"
		Release.AspNetCompiler.Updateable = "true"
		Release.AspNetCompiler.ForceOverwrite = "true"
		Release.AspNetCompiler.FixedNames = "false"
		Release.AspNetCompiler.Debug = "False"
		VWDPort = "59875"
		SlnRelativePath = "..\..\WebSites\Pastas\"
		DefaultWebSiteLanguage = "Visual C#"
	EndProjectSection
EndProject
Global
	GlobalSection(SolutionConfigurationPlatforms) = preSolution
		Debug|Any CPU = Debug|Any CPU
	EndGlobalSection
	GlobalSection(ProjectConfigurationPlatforms) = postSolution
		{ED933945-98DF-4AE6-94C4-DBFCC8607CA9}.Debug|Any CPU.ActiveCfg = Debug|Any CPU
		{ED933945-98DF-4AE6-94C4-DBFCC8607CA9}.Debug|Any CPU.Build.0 = Debug|Any CPU
	EndGlobalSection
	GlobalSection(SolutionProperties) = preSolution
		HideSolutionNode = FALSE
	EndGlobalSection
EndGlobal
