
Microsoft Visual Studio Solution File, Format Version 12.00
# Visual Studio 14
VisualStudioVersion = 14.0.25420.1
MinimumVisualStudioVersion = 10.0.40219.1
Project("{E24C65DC-7377-472B-9ABA-BC803B73C61A}") = "Dados4", "..\..\WebSites\Dados4\", "{EF9F58D8-D550-44E6-B067-C4F272F387A2}"
	ProjectSection(WebsiteProperties) = preProject
		TargetFrameworkMoniker = ".NETFramework,Version%3Dv4.5.2"
		Debug.AspNetCompiler.VirtualPath = "/localhost_64108"
		Debug.AspNetCompiler.PhysicalPath = "..\..\WebSites\Dados4\"
		Debug.AspNetCompiler.TargetPath = "PrecompiledWeb\localhost_64108\"
		Debug.AspNetCompiler.Updateable = "true"
		Debug.AspNetCompiler.ForceOverwrite = "true"
		Debug.AspNetCompiler.FixedNames = "false"
		Debug.AspNetCompiler.Debug = "True"
		Release.AspNetCompiler.VirtualPath = "/localhost_64108"
		Release.AspNetCompiler.PhysicalPath = "..\..\WebSites\Dados4\"
		Release.AspNetCompiler.TargetPath = "PrecompiledWeb\localhost_64108\"
		Release.AspNetCompiler.Updateable = "true"
		Release.AspNetCompiler.ForceOverwrite = "true"
		Release.AspNetCompiler.FixedNames = "false"
		Release.AspNetCompiler.Debug = "False"
		VWDPort = "64108"
		SlnRelativePath = "..\..\WebSites\Dados4\"
		DefaultWebSiteLanguage = "Visual C#"
	EndProjectSection
EndProject
Global
	GlobalSection(SolutionConfigurationPlatforms) = preSolution
		Debug|Any CPU = Debug|Any CPU
	EndGlobalSection
	GlobalSection(ProjectConfigurationPlatforms) = postSolution
		{EF9F58D8-D550-44E6-B067-C4F272F387A2}.Debug|Any CPU.ActiveCfg = Debug|Any CPU
		{EF9F58D8-D550-44E6-B067-C4F272F387A2}.Debug|Any CPU.Build.0 = Debug|Any CPU
	EndGlobalSection
	GlobalSection(SolutionProperties) = preSolution
		HideSolutionNode = FALSE
	EndGlobalSection
EndGlobal
